# This file is generated by running "yarn install" inside your project.
# Manual changes might be lost - proceed with caution!

__metadata:
  version: 6
  cacheKey: 8

"@node-ipc/compat@workspace:.":
  version: 0.0.0-use.local
  resolution: "@node-ipc/compat@workspace:."
  dependencies:
    codacy-coverage: ^2.0.0
    event-pubsub: 4.2.3
    istanbul: ^0.4.1
    jasmine: ^2.4.1
    js-message: 1.0.5
    js-queue: 2.0.0
    node-cmd: ">=1.2.0"
    prettier: ^2.6.0
  languageName: unknown
  linkType: soft

"abbrev@npm:1":
  version: 1.1.1
  resolution: "abbrev@npm:1.1.1"
  checksum: a4a97ec07d7ea112c517036882b2ac22f3109b7b19077dc656316d07d308438aac28e4d9746dc4d84bf6b1e75b4a7b0a5f3cb30592419f128ca9a8cee3bcfa17
  languageName: node
  linkType: hard

"abbrev@npm:1.0.x":
  version: 1.0.9
  resolution: "abbrev@npm:1.0.9"
  checksum: 46460c897b4ce62cd9b1bd4a853cc46e771a1f1d929f5443f3945a976f8be5388891bf9e5f8a9862baa29587349e16c48596b6a621404d46d3b184fe9bd9fb26
  languageName: node
  linkType: hard

"ajv@npm:^6.12.3":
  version: 6.12.6
  resolution: "ajv@npm:6.12.6"
  dependencies:
    fast-deep-equal: ^3.1.1
    fast-json-stable-stringify: ^2.0.0
    json-schema-traverse: ^0.4.1
    uri-js: ^4.2.2
  checksum: 874972efe5c4202ab0a68379481fbd3d1b5d0a7bd6d3cc21d40d3536ebff3352a2a1fabb632d4fd2cc7fe4cbdcd5ed6782084c9bbf7f32a1536d18f9da5007d4
  languageName: node
  linkType: hard

"amdefine@npm:>=0.0.4":
  version: 1.0.1
  resolution: "amdefine@npm:1.0.1"
  checksum: 9d4e15b94641643a9385b2841b4cb2bcf4e8e2f741ea4bd475c93ad7bab261ad4ed827a32e9c549b38b98759c4526c173ae4e6dde8caeb75ee5cebedc9863762
  languageName: node
  linkType: hard

"argparse@npm:^1.0.7":
  version: 1.0.10
  resolution: "argparse@npm:1.0.10"
  dependencies:
    sprintf-js: ~1.0.2
  checksum: 7ca6e45583a28de7258e39e13d81e925cfa25d7d4aacbf806a382d3c02fcb13403a07fb8aeef949f10a7cfe4a62da0e2e807b348a5980554cc28ee573ef95945
  languageName: node
  linkType: hard

"asn1@npm:~0.2.3":
  version: 0.2.6
  resolution: "asn1@npm:0.2.6"
  dependencies:
    safer-buffer: ~2.1.0
  checksum: 39f2ae343b03c15ad4f238ba561e626602a3de8d94ae536c46a4a93e69578826305366dc09fbb9b56aec39b4982a463682f259c38e59f6fa380cd72cd61e493d
  languageName: node
  linkType: hard

"assert-plus@npm:1.0.0, assert-plus@npm:^1.0.0":
  version: 1.0.0
  resolution: "assert-plus@npm:1.0.0"
  checksum: 19b4340cb8f0e6a981c07225eacac0e9d52c2644c080198765d63398f0075f83bbc0c8e95474d54224e297555ad0d631c1dcd058adb1ddc2437b41a6b424ac64
  languageName: node
  linkType: hard

"async@npm:1.x":
  version: 1.5.2
  resolution: "async@npm:1.5.2"
  checksum: fe5d6214d8f15bd51eee5ae8ec5079b228b86d2d595f47b16369dec2e11b3ff75a567bb5f70d12d79006665fbbb7ee0a7ec0e388524eefd454ecbe651c124ebd
  languageName: node
  linkType: hard

"asynckit@npm:^0.4.0":
  version: 0.4.0
  resolution: "asynckit@npm:0.4.0"
  checksum: 7b78c451df768adba04e2d02e63e2d0bf3b07adcd6e42b4cf665cb7ce899bedd344c69a1dcbce355b5f972d597b25aaa1c1742b52cffd9caccb22f348114f6be
  languageName: node
  linkType: hard

"aws-sign2@npm:~0.7.0":
  version: 0.7.0
  resolution: "aws-sign2@npm:0.7.0"
  checksum: b148b0bb0778098ad8cf7e5fc619768bcb51236707ca1d3e5b49e41b171166d8be9fdc2ea2ae43d7decf02989d0aaa3a9c4caa6f320af95d684de9b548a71525
  languageName: node
  linkType: hard

"aws4@npm:^1.8.0":
  version: 1.11.0
  resolution: "aws4@npm:1.11.0"
  checksum: 5a00d045fd0385926d20ebebcfba5ec79d4482fe706f63c27b324d489a04c68edb0db99ed991e19eda09cb8c97dc2452059a34d97545cebf591d7a2b5a10999f
  languageName: node
  linkType: hard

"balanced-match@npm:^1.0.0":
  version: 1.0.2
  resolution: "balanced-match@npm:1.0.2"
  checksum: 9706c088a283058a8a99e0bf91b0a2f75497f185980d9ffa8b304de1d9e58ebda7c72c07ebf01dadedaac5b2907b2c6f566f660d62bd336c3468e960403b9d65
  languageName: node
  linkType: hard

"bcrypt-pbkdf@npm:^1.0.0":
  version: 1.0.2
  resolution: "bcrypt-pbkdf@npm:1.0.2"
  dependencies:
    tweetnacl: ^0.14.3
  checksum: 4edfc9fe7d07019609ccf797a2af28351736e9d012c8402a07120c4453a3b789a15f2ee1530dc49eee8f7eb9379331a8dd4b3766042b9e502f74a68e7f662291
  languageName: node
  linkType: hard

"bluebird@npm:^3.5.0, bluebird@npm:^3.5.x":
  version: 3.7.2
  resolution: "bluebird@npm:3.7.2"
  checksum: 869417503c722e7dc54ca46715f70e15f4d9c602a423a02c825570862d12935be59ed9c7ba34a9b31f186c017c23cac6b54e35446f8353059c101da73eac22ef
  languageName: node
  linkType: hard

"brace-expansion@npm:^1.1.7":
  version: 1.1.11
  resolution: "brace-expansion@npm:1.1.11"
  dependencies:
    balanced-match: ^1.0.0
    concat-map: 0.0.1
  checksum: faf34a7bb0c3fcf4b59c7808bc5d2a96a40988addf2e7e09dfbb67a2251800e0d14cd2bfc1aa79174f2f5095c54ff27f46fb1289fe2d77dac755b5eb3434cc07
  languageName: node
  linkType: hard

"caseless@npm:~0.12.0":
  version: 0.12.0
  resolution: "caseless@npm:0.12.0"
  checksum: b43bd4c440aa1e8ee6baefee8063b4850fd0d7b378f6aabc796c9ec8cb26d27fb30b46885350777d9bd079c5256c0e1329ad0dc7c2817e0bb466810ebb353751
  languageName: node
  linkType: hard

"codacy-coverage@npm:^2.0.0":
  version: 2.1.1
  resolution: "codacy-coverage@npm:2.1.1"
  dependencies:
    bluebird: ^3.5.x
    commander: ^2.x
    joi: ^12.x
    lcov-parse: ^1.x
    lodash: ^4.17.4
    log-driver: ^1.x
    request: ^2.83.0
    request-promise: ^4.x
  bin:
    codacy-coverage: ./bin/codacy-coverage.js
  checksum: 256f2e660634a2454144466a84e18e5f0854c7598700486bc915c2c4ba98c69b4a7ab7f17e6eb56917e38e583d89a2786da325f13b701eb5051ebb6d8a73df3e
  languageName: node
  linkType: hard

"combined-stream@npm:^1.0.6, combined-stream@npm:~1.0.6":
  version: 1.0.8
  resolution: "combined-stream@npm:1.0.8"
  dependencies:
    delayed-stream: ~1.0.0
  checksum: 49fa4aeb4916567e33ea81d088f6584749fc90c7abec76fd516bf1c5aa5c79f3584b5ba3de6b86d26ddd64bae5329c4c7479343250cfe71c75bb366eae53bb7c
  languageName: node
  linkType: hard

"commander@npm:^2.x":
  version: 2.20.3
  resolution: "commander@npm:2.20.3"
  checksum: ab8c07884e42c3a8dbc5dd9592c606176c7eb5c1ca5ff274bcf907039b2c41de3626f684ea75ccf4d361ba004bbaff1f577d5384c155f3871e456bdf27becf9e
  languageName: node
  linkType: hard

"concat-map@npm:0.0.1":
  version: 0.0.1
  resolution: "concat-map@npm:0.0.1"
  checksum: 902a9f5d8967a3e2faf138d5cb784b9979bad2e6db5357c5b21c568df4ebe62bcb15108af1b2253744844eb964fc023fbd9afbbbb6ddd0bcc204c6fb5b7bf3af
  languageName: node
  linkType: hard

"core-util-is@npm:1.0.2":
  version: 1.0.2
  resolution: "core-util-is@npm:1.0.2"
  checksum: 7a4c925b497a2c91421e25bf76d6d8190f0b2359a9200dbeed136e63b2931d6294d3b1893eda378883ed363cd950f44a12a401384c609839ea616befb7927dab
  languageName: node
  linkType: hard

"dashdash@npm:^1.12.0":
  version: 1.14.1
  resolution: "dashdash@npm:1.14.1"
  dependencies:
    assert-plus: ^1.0.0
  checksum: 3634c249570f7f34e3d34f866c93f866c5b417f0dd616275decae08147dcdf8fccfaa5947380ccfb0473998ea3a8057c0b4cd90c875740ee685d0624b2983598
  languageName: node
  linkType: hard

"deep-is@npm:~0.1.3":
  version: 0.1.4
  resolution: "deep-is@npm:0.1.4"
  checksum: edb65dd0d7d1b9c40b2f50219aef30e116cedd6fc79290e740972c132c09106d2e80aa0bc8826673dd5a00222d4179c84b36a790eef63a4c4bca75a37ef90804
  languageName: node
  linkType: hard

"delayed-stream@npm:~1.0.0":
  version: 1.0.0
  resolution: "delayed-stream@npm:1.0.0"
  checksum: 46fe6e83e2cb1d85ba50bd52803c68be9bd953282fa7096f51fc29edd5d67ff84ff753c51966061e5ba7cb5e47ef6d36a91924eddb7f3f3483b1c560f77a0020
  languageName: node
  linkType: hard

"easy-stack@npm:^1.0.0":
  version: 1.0.1
  resolution: "easy-stack@npm:1.0.1"
  checksum: 161a99e497b3857b0be4ec9e1ebbe90b241ea9d84702f9881b8e5b3f6822065b8c4e33436996935103e191bffba3607de70712a792f4d406a050def48c6bc381
  languageName: node
  linkType: hard

"ecc-jsbn@npm:~0.1.1":
  version: 0.1.2
  resolution: "ecc-jsbn@npm:0.1.2"
  dependencies:
    jsbn: ~0.1.0
    safer-buffer: ^2.1.0
  checksum: 22fef4b6203e5f31d425f5b711eb389e4c6c2723402e389af394f8411b76a488fa414d309d866e2b577ce3e8462d344205545c88a8143cc21752a5172818888a
  languageName: node
  linkType: hard

"escodegen@npm:1.8.x":
  version: 1.8.1
  resolution: "escodegen@npm:1.8.1"
  dependencies:
    esprima: ^2.7.1
    estraverse: ^1.9.1
    esutils: ^2.0.2
    optionator: ^0.8.1
    source-map: ~0.2.0
  dependenciesMeta:
    source-map:
      optional: true
  bin:
    escodegen: ./bin/escodegen.js
    esgenerate: ./bin/esgenerate.js
  checksum: 99f5579dbc309d8f95f8051cce2f85620c073ff1d4f7b58197addee7e81aeb5281dadfbd446a0885b8fb8c0c47ce5c2cdb5f97dbfddccb5126cca5eb9af73992
  languageName: node
  linkType: hard

"esprima@npm:2.7.x, esprima@npm:^2.7.1":
  version: 2.7.3
  resolution: "esprima@npm:2.7.3"
  bin:
    esparse: ./bin/esparse.js
    esvalidate: ./bin/esvalidate.js
  checksum: 55584508dca0551885e62c3369bc4a783bd948b43e2f034f05c2a37f3ca398db99f072ab228234e9cab09af8dc8c65d6ca7de3a975f2a296b34d1a3aba7e89f1
  languageName: node
  linkType: hard

"esprima@npm:^4.0.0":
  version: 4.0.1
  resolution: "esprima@npm:4.0.1"
  bin:
    esparse: ./bin/esparse.js
    esvalidate: ./bin/esvalidate.js
  checksum: b45bc805a613dbea2835278c306b91aff6173c8d034223fa81498c77dcbce3b2931bf6006db816f62eacd9fd4ea975dfd85a5b7f3c6402cfd050d4ca3c13a628
  languageName: node
  linkType: hard

"estraverse@npm:^1.9.1":
  version: 1.9.3
  resolution: "estraverse@npm:1.9.3"
  checksum: 78fa96317500e7783d48297dbd4c7f8735ddeb970be2981b485639ffa77578d05b8f781332622e436f2e9e533f32923c62c2e6463291e577ceeaf2776ac5e4b5
  languageName: node
  linkType: hard

"esutils@npm:^2.0.2":
  version: 2.0.3
  resolution: "esutils@npm:2.0.3"
  checksum: 22b5b08f74737379a840b8ed2036a5fb35826c709ab000683b092d9054e5c2a82c27818f12604bfc2a9a76b90b6834ef081edbc1c7ae30d1627012e067c6ec87
  languageName: node
  linkType: hard

"event-pubsub@npm:4.2.3":
  version: 4.2.3
  resolution: "event-pubsub@npm:4.2.3"
  checksum: ac541bd3eb5e647a17e7c4546db5ea95b7f2738cd9191df1e868c0d7ef5ba78379bc9c3ae9b5f5a9b0a7c0a003f460e9cc0724bb435d9d0d9b4ff8cc6d4e1d0f
  languageName: node
  linkType: hard

"exit@npm:^0.1.2":
  version: 0.1.2
  resolution: "exit@npm:0.1.2"
  checksum: abc407f07a875c3961e4781dfcb743b58d6c93de9ab263f4f8c9d23bb6da5f9b7764fc773f86b43dd88030444d5ab8abcb611cb680fba8ca075362b77114bba3
  languageName: node
  linkType: hard

"extend@npm:~3.0.2":
  version: 3.0.2
  resolution: "extend@npm:3.0.2"
  checksum: a50a8309ca65ea5d426382ff09f33586527882cf532931cb08ca786ea3146c0553310bda688710ff61d7668eba9f96b923fe1420cdf56a2c3eaf30fcab87b515
  languageName: node
  linkType: hard

"extsprintf@npm:1.3.0":
  version: 1.3.0
  resolution: "extsprintf@npm:1.3.0"
  checksum: cee7a4a1e34cffeeec18559109de92c27517e5641991ec6bab849aa64e3081022903dd53084f2080d0d2530803aa5ee84f1e9de642c365452f9e67be8f958ce2
  languageName: node
  linkType: hard

"extsprintf@npm:^1.2.0":
  version: 1.4.1
  resolution: "extsprintf@npm:1.4.1"
  checksum: a2f29b241914a8d2bad64363de684821b6b1609d06ae68d5b539e4de6b28659715b5bea94a7265201603713b7027d35399d10b0548f09071c5513e65e8323d33
  languageName: node
  linkType: hard

"fast-deep-equal@npm:^3.1.1":
  version: 3.1.3
  resolution: "fast-deep-equal@npm:3.1.3"
  checksum: e21a9d8d84f53493b6aa15efc9cfd53dd5b714a1f23f67fb5dc8f574af80df889b3bce25dc081887c6d25457cce704e636395333abad896ccdec03abaf1f3f9d
  languageName: node
  linkType: hard

"fast-json-stable-stringify@npm:^2.0.0":
  version: 2.1.0
  resolution: "fast-json-stable-stringify@npm:2.1.0"
  checksum: b191531e36c607977e5b1c47811158733c34ccb3bfde92c44798929e9b4154884378536d26ad90dfecd32e1ffc09c545d23535ad91b3161a27ddbb8ebe0cbecb
  languageName: node
  linkType: hard

"fast-levenshtein@npm:~2.0.6":
  version: 2.0.6
  resolution: "fast-levenshtein@npm:2.0.6"
  checksum: 92cfec0a8dfafd9c7a15fba8f2cc29cd0b62b85f056d99ce448bbcd9f708e18ab2764bda4dd5158364f4145a7c72788538994f0d1787b956ef0d1062b0f7c24c
  languageName: node
  linkType: hard

"forever-agent@npm:~0.6.1":
  version: 0.6.1
  resolution: "forever-agent@npm:0.6.1"
  checksum: 766ae6e220f5fe23676bb4c6a99387cec5b7b62ceb99e10923376e27bfea72f3c3aeec2ba5f45f3f7ba65d6616965aa7c20b15002b6860833bb6e394dea546a8
  languageName: node
  linkType: hard

"form-data@npm:~2.3.2":
  version: 2.3.3
  resolution: "form-data@npm:2.3.3"
  dependencies:
    asynckit: ^0.4.0
    combined-stream: ^1.0.6
    mime-types: ^2.1.12
  checksum: 10c1780fa13dbe1ff3100114c2ce1f9307f8be10b14bf16e103815356ff567b6be39d70fc4a40f8990b9660012dc24b0f5e1dde1b6426166eb23a445ba068ca3
  languageName: node
  linkType: hard

"fs.realpath@npm:^1.0.0":
  version: 1.0.0
  resolution: "fs.realpath@npm:1.0.0"
  checksum: 99ddea01a7e75aa276c250a04eedeffe5662bce66c65c07164ad6264f9de18fb21be9433ead460e54cff20e31721c811f4fb5d70591799df5f85dce6d6746fd0
  languageName: node
  linkType: hard

"getpass@npm:^0.1.1":
  version: 0.1.7
  resolution: "getpass@npm:0.1.7"
  dependencies:
    assert-plus: ^1.0.0
  checksum: ab18d55661db264e3eac6012c2d3daeafaab7a501c035ae0ccb193c3c23e9849c6e29b6ac762b9c2adae460266f925d55a3a2a3a3c8b94be2f222df94d70c046
  languageName: node
  linkType: hard

"glob@npm:^5.0.15":
  version: 5.0.15
  resolution: "glob@npm:5.0.15"
  dependencies:
    inflight: ^1.0.4
    inherits: 2
    minimatch: 2 || 3
    once: ^1.3.0
    path-is-absolute: ^1.0.0
  checksum: f9742448303460672607e569457f1b57e486a79a985e269b69465834d2075b243378225f65dc54c09fcd4b75e4fb34442aec88f33f8c65fa4abccc8ee2dc2f5d
  languageName: node
  linkType: hard

"glob@npm:^7.0.6":
  version: 7.2.0
  resolution: "glob@npm:7.2.0"
  dependencies:
    fs.realpath: ^1.0.0
    inflight: ^1.0.4
    inherits: 2
    minimatch: ^3.0.4
    once: ^1.3.0
    path-is-absolute: ^1.0.0
  checksum: 78a8ea942331f08ed2e055cb5b9e40fe6f46f579d7fd3d694f3412fe5db23223d29b7fee1575440202e9a7ff9a72ab106a39fee39934c7bedafe5e5f8ae20134
  languageName: node
  linkType: hard

"handlebars@npm:^4.0.1":
  version: 4.7.7
  resolution: "handlebars@npm:4.7.7"
  dependencies:
    minimist: ^1.2.5
    neo-async: ^2.6.0
    source-map: ^0.6.1
    uglify-js: ^3.1.4
    wordwrap: ^1.0.0
  dependenciesMeta:
    uglify-js:
      optional: true
  bin:
    handlebars: bin/handlebars
  checksum: 1e79a43f5e18d15742977cb987923eab3e2a8f44f2d9d340982bcb69e1735ed049226e534d7c1074eaddaf37e4fb4f471a8adb71cddd5bc8cf3f894241df5cee
  languageName: node
  linkType: hard

"har-schema@npm:^2.0.0":
  version: 2.0.0
  resolution: "har-schema@npm:2.0.0"
  checksum: d8946348f333fb09e2bf24cc4c67eabb47c8e1d1aa1c14184c7ffec1140a49ec8aa78aa93677ae452d71d5fc0fdeec20f0c8c1237291fc2bcb3f502a5d204f9b
  languageName: node
  linkType: hard

"har-validator@npm:~5.1.3":
  version: 5.1.5
  resolution: "har-validator@npm:5.1.5"
  dependencies:
    ajv: ^6.12.3
    har-schema: ^2.0.0
  checksum: b998a7269ca560d7f219eedc53e2c664cd87d487e428ae854a6af4573fc94f182fe9d2e3b92ab968249baec7ebaf9ead69cf975c931dc2ab282ec182ee988280
  languageName: node
  linkType: hard

"has-flag@npm:^1.0.0":
  version: 1.0.0
  resolution: "has-flag@npm:1.0.0"
  checksum: ce3f8ae978e70f16e4bbe17d3f0f6d6c0a3dd3b62a23f97c91d0fda9ed8e305e13baf95cc5bee4463b9f25ac9f5255de113165c5fb285e01b8065b2ac079b301
  languageName: node
  linkType: hard

"hoek@npm:4.x.x":
  version: 4.2.1
  resolution: "hoek@npm:4.2.1"
  checksum: 3f28857c9d4c29e0d4c0bfb0d73973529fdd700266e963f9964c59ad92a4bc08943b94c4ada97c105a20c78d4dec98e4fc2c08025660743722558e6da793fd0f
  languageName: node
  linkType: hard

"http-signature@npm:~1.2.0":
  version: 1.2.0
  resolution: "http-signature@npm:1.2.0"
  dependencies:
    assert-plus: ^1.0.0
    jsprim: ^1.2.2
    sshpk: ^1.7.0
  checksum: 3324598712266a9683585bb84a75dec4fd550567d5e0dd4a0fff6ff3f74348793404d3eeac4918fa0902c810eeee1a86419e4a2e92a164132dfe6b26743fb47c
  languageName: node
  linkType: hard

"inflight@npm:^1.0.4":
  version: 1.0.6
  resolution: "inflight@npm:1.0.6"
  dependencies:
    once: ^1.3.0
    wrappy: 1
  checksum: f4f76aa072ce19fae87ce1ef7d221e709afb59d445e05d47fba710e85470923a75de35bfae47da6de1b18afc3ce83d70facf44cfb0aff89f0a3f45c0a0244dfd
  languageName: node
  linkType: hard

"inherits@npm:2":
  version: 2.0.4
  resolution: "inherits@npm:2.0.4"
  checksum: 4a48a733847879d6cf6691860a6b1e3f0f4754176e4d71494c41f3475553768b10f84b5ce1d40fbd0e34e6bfbb864ee35858ad4dd2cf31e02fc4a154b724d7f1
  languageName: node
  linkType: hard

"is-typedarray@npm:~1.0.0":
  version: 1.0.0
  resolution: "is-typedarray@npm:1.0.0"
  checksum: 3508c6cd0a9ee2e0df2fa2e9baabcdc89e911c7bd5cf64604586697212feec525aa21050e48affb5ffc3df20f0f5d2e2cf79b08caa64e1ccc9578e251763aef7
  languageName: node
  linkType: hard

"isemail@npm:3.x.x":
  version: 3.2.0
  resolution: "isemail@npm:3.2.0"
  dependencies:
    punycode: 2.x.x
  checksum: 77adfbe8d6b3f9970c37516e008fd1c2e33be186f4cd09b31daf37a9fa8f82adc0dd8ce4bd12818f0c0e63018f9ec0c22490793d704ed635770c98a9d48b21c4
  languageName: node
  linkType: hard

"isexe@npm:^2.0.0":
  version: 2.0.0
  resolution: "isexe@npm:2.0.0"
  checksum: 26bf6c5480dda5161c820c5b5c751ae1e766c587b1f951ea3fcfc973bafb7831ae5b54a31a69bd670220e42e99ec154475025a468eae58ea262f813fdc8d1c62
  languageName: node
  linkType: hard

"isstream@npm:~0.1.2":
  version: 0.1.2
  resolution: "isstream@npm:0.1.2"
  checksum: 1eb2fe63a729f7bdd8a559ab552c69055f4f48eb5c2f03724430587c6f450783c8f1cd936c1c952d0a927925180fcc892ebd5b174236cf1065d4bd5bdb37e963
  languageName: node
  linkType: hard

"istanbul@npm:^0.4.1":
  version: 0.4.5
  resolution: "istanbul@npm:0.4.5"
  dependencies:
    abbrev: 1.0.x
    async: 1.x
    escodegen: 1.8.x
    esprima: 2.7.x
    glob: ^5.0.15
    handlebars: ^4.0.1
    js-yaml: 3.x
    mkdirp: 0.5.x
    nopt: 3.x
    once: 1.x
    resolve: 1.1.x
    supports-color: ^3.1.0
    which: ^1.1.1
    wordwrap: ^1.0.0
  bin:
    istanbul: ./lib/cli.js
  checksum: 14d4ab73c015c4bd49b904b1cb6c984c74e6a382b9104ec1877f14d500f6a2940e5dd7058e2b7f06fc0b58e6b5dd89017fcf5215a1a03840e1a889d93c5e4197
  languageName: node
  linkType: hard

"jasmine-core@npm:~2.99.0":
  version: 2.99.1
  resolution: "jasmine-core@npm:2.99.1"
  checksum: d95e72464de48249a708e64f68422086dbae1b05025f7933209b6088121b0a8b7bd203f4fe451226fd9d86636ed4bf0a58eae606727780d032f33902a28c633d
  languageName: node
  linkType: hard

"jasmine@npm:^2.4.1":
  version: 2.99.0
  resolution: "jasmine@npm:2.99.0"
  dependencies:
    exit: ^0.1.2
    glob: ^7.0.6
    jasmine-core: ~2.99.0
  bin:
    jasmine: ./bin/jasmine.js
  checksum: c64e1b1460773d06731ea526506ba2c4fdfcccfeebc4329176483eb4efae8213d4284896b51c2cd6d4abfb1ddc4b19543e590bbb0292633ea8721136810c0442
  languageName: node
  linkType: hard

"joi@npm:^12.x":
  version: 12.0.0
  resolution: "joi@npm:12.0.0"
  dependencies:
    hoek: 4.x.x
    isemail: 3.x.x
    topo: 2.x.x
  checksum: 07c57e29a37865465c7f66d55660d4406f79b1348e790a6202cee9fc0993fe053b589a7863f41595b4ef7bace8b266e46bf9b93a9a717cd6699a936ba45a9eda
  languageName: node
  linkType: hard

"js-message@npm:1.0.5":
  version: 1.0.5
  resolution: "js-message@npm:1.0.5"
  checksum: fd2fc8837a88a115aa2fa859bf5c13d9b335fd7eeba8426c44da6eb006b04c52cfe6675b3c27d6b112ffc51dadb8bc51d58340c3a3aa5c555d7da6bdc72ce9c0
  languageName: node
  linkType: hard

"js-queue@npm:2.0.0":
  version: 2.0.0
  resolution: "js-queue@npm:2.0.0"
  dependencies:
    easy-stack: ^1.0.0
  checksum: 8f8e589cc20fd3bc3067db73ecaac77b55411c3ac58fdd6882868924ee19ab4203d19e68d3ec680c5c8f5e8282e30dafa377014dbec05c3f2d33be4596f4fb65
  languageName: node
  linkType: hard

"js-yaml@npm:3.x":
  version: 3.14.1
  resolution: "js-yaml@npm:3.14.1"
  dependencies:
    argparse: ^1.0.7
    esprima: ^4.0.0
  bin:
    js-yaml: bin/js-yaml.js
  checksum: bef146085f472d44dee30ec34e5cf36bf89164f5d585435a3d3da89e52622dff0b188a580e4ad091c3341889e14cb88cac6e4deb16dc5b1e9623bb0601fc255c
  languageName: node
  linkType: hard

"jsbn@npm:~0.1.0":
  version: 0.1.1
  resolution: "jsbn@npm:0.1.1"
  checksum: e5ff29c1b8d965017ef3f9c219dacd6e40ad355c664e277d31246c90545a02e6047018c16c60a00f36d561b3647215c41894f5d869ada6908a2e0ce4200c88f2
  languageName: node
  linkType: hard

"json-schema-traverse@npm:^0.4.1":
  version: 0.4.1
  resolution: "json-schema-traverse@npm:0.4.1"
  checksum: 7486074d3ba247769fda17d5181b345c9fb7d12e0da98b22d1d71a5db9698d8b4bd900a3ec1a4ffdd60846fc2556274a5c894d0c48795f14cb03aeae7b55260b
  languageName: node
  linkType: hard

"json-schema@npm:0.4.0":
  version: 0.4.0
  resolution: "json-schema@npm:0.4.0"
  checksum: 66389434c3469e698da0df2e7ac5a3281bcff75e797a5c127db7c5b56270e01ae13d9afa3c03344f76e32e81678337a8c912bdbb75101c62e487dc3778461d72
  languageName: node
  linkType: hard

"json-stringify-safe@npm:~5.0.1":
  version: 5.0.1
  resolution: "json-stringify-safe@npm:5.0.1"
  checksum: 48ec0adad5280b8a96bb93f4563aa1667fd7a36334f79149abd42446d0989f2ddc58274b479f4819f1f00617957e6344c886c55d05a4e15ebb4ab931e4a6a8ee
  languageName: node
  linkType: hard

"jsprim@npm:^1.2.2":
  version: 1.4.2
  resolution: "jsprim@npm:1.4.2"
  dependencies:
    assert-plus: 1.0.0
    extsprintf: 1.3.0
    json-schema: 0.4.0
    verror: 1.10.0
  checksum: 2ad1b9fdcccae8b3d580fa6ced25de930eaa1ad154db21bbf8478a4d30bbbec7925b5f5ff29b933fba9412b16a17bd484a8da4fdb3663b5e27af95dd693bab2a
  languageName: node
  linkType: hard

"lcov-parse@npm:^1.x":
  version: 1.0.0
  resolution: "lcov-parse@npm:1.0.0"
  bin:
    lcov-parse: ./bin/cli.js
  checksum: d4b14b5e33d8f7511dc62dea49252a79f04720aa837ce120235451c43653e8aeb7e330588691f2d584826c5ac8145a0aa778dd02f543cd71270f80374e5fcf20
  languageName: node
  linkType: hard

"levn@npm:~0.3.0":
  version: 0.3.0
  resolution: "levn@npm:0.3.0"
  dependencies:
    prelude-ls: ~1.1.2
    type-check: ~0.3.2
  checksum: 0d084a524231a8246bb10fec48cdbb35282099f6954838604f3c7fc66f2e16fa66fd9cc2f3f20a541a113c4dafdf181e822c887c8a319c9195444e6c64ac395e
  languageName: node
  linkType: hard

"lodash@npm:^4.17.19, lodash@npm:^4.17.4":
  version: 4.17.21
  resolution: "lodash@npm:4.17.21"
  checksum: eb835a2e51d381e561e508ce932ea50a8e5a68f4ebdd771ea240d3048244a8d13658acbd502cd4829768c56f2e16bdd4340b9ea141297d472517b83868e677f7
  languageName: node
  linkType: hard

"log-driver@npm:^1.x":
  version: 1.2.7
  resolution: "log-driver@npm:1.2.7"
  checksum: 14949119f830d897f52a0f83b058d8af3d13b9d21deedcc341c65c523091d4f95b0c151798b0bb988ed2712f487d9d44c302cd95b177708a80ac8e47a6a28a16
  languageName: node
  linkType: hard

"mime-db@npm:1.52.0":
  version: 1.52.0
  resolution: "mime-db@npm:1.52.0"
  checksum: 0d99a03585f8b39d68182803b12ac601d9c01abfa28ec56204fa330bc9f3d1c5e14beb049bafadb3dbdf646dfb94b87e24d4ec7b31b7279ef906a8ea9b6a513f
  languageName: node
  linkType: hard

"mime-types@npm:^2.1.12, mime-types@npm:~2.1.19":
  version: 2.1.35
  resolution: "mime-types@npm:2.1.35"
  dependencies:
    mime-db: 1.52.0
  checksum: 89a5b7f1def9f3af5dad6496c5ed50191ae4331cc5389d7c521c8ad28d5fdad2d06fd81baf38fed813dc4e46bb55c8145bb0ff406330818c9cf712fb2e9b3836
  languageName: node
  linkType: hard

"minimatch@npm:2 || 3, minimatch@npm:^3.0.4":
  version: 3.1.2
  resolution: "minimatch@npm:3.1.2"
  dependencies:
    brace-expansion: ^1.1.7
  checksum: c154e566406683e7bcb746e000b84d74465b3a832c45d59912b9b55cd50dee66e5c4b1e5566dba26154040e51672f9aa450a9aef0c97cfc7336b78b7afb9540a
  languageName: node
  linkType: hard

"minimist@npm:^1.2.5":
  version: 1.2.5
  resolution: "minimist@npm:1.2.5"
  checksum: 86706ce5b36c16bfc35c5fe3dbb01d5acdc9a22f2b6cc810b6680656a1d2c0e44a0159c9a3ba51fb072bb5c203e49e10b51dcd0eec39c481f4c42086719bae52
  languageName: node
  linkType: hard

"mkdirp@npm:0.5.x":
  version: 0.5.5
  resolution: "mkdirp@npm:0.5.5"
  dependencies:
    minimist: ^1.2.5
  bin:
    mkdirp: bin/cmd.js
  checksum: 3bce20ea525f9477befe458ab85284b0b66c8dc3812f94155af07c827175948cdd8114852ac6c6d82009b13c1048c37f6d98743eb019651ee25c39acc8aabe7d
  languageName: node
  linkType: hard

"neo-async@npm:^2.6.0":
  version: 2.6.2
  resolution: "neo-async@npm:2.6.2"
  checksum: deac9f8d00eda7b2e5cd1b2549e26e10a0faa70adaa6fdadca701cc55f49ee9018e427f424bac0c790b7c7e2d3068db97f3093f1093975f2acb8f8818b936ed9
  languageName: node
  linkType: hard

"node-cmd@npm:>=1.2.0":
  version: 5.0.0
  resolution: "node-cmd@npm:5.0.0"
  checksum: 4db15117c08a82bdc98725b6827b9e4ee2ca238534dcacb50caa3a77562583d1291f0c44db5629b4f9ea53bc10e3dcc9b5e02c9034f4645c6a8be3d36935aa46
  languageName: node
  linkType: hard

"nopt@npm:3.x":
  version: 3.0.6
  resolution: "nopt@npm:3.0.6"
  dependencies:
    abbrev: 1
  bin:
    nopt: ./bin/nopt.js
  checksum: 7f8579029a0d7cb3341c6b1610b31e363f708b7aaaaf3580e3ec5ae8528d1f3a79d350d8bfa331776e6c6703a5a148b72edd9b9b4c1dd55874d8e70e963d1e20
  languageName: node
  linkType: hard

"oauth-sign@npm:~0.9.0":
  version: 0.9.0
  resolution: "oauth-sign@npm:0.9.0"
  checksum: 8f5497a127967866a3c67094c21efd295e46013a94e6e828573c62220e9af568cc1d2d04b16865ba583e430510fa168baf821ea78f355146d8ed7e350fc44c64
  languageName: node
  linkType: hard

"once@npm:1.x, once@npm:^1.3.0":
  version: 1.4.0
  resolution: "once@npm:1.4.0"
  dependencies:
    wrappy: 1
  checksum: cd0a88501333edd640d95f0d2700fbde6bff20b3d4d9bdc521bdd31af0656b5706570d6c6afe532045a20bb8dc0849f8332d6f2a416e0ba6d3d3b98806c7db68
  languageName: node
  linkType: hard

"optionator@npm:^0.8.1":
  version: 0.8.3
  resolution: "optionator@npm:0.8.3"
  dependencies:
    deep-is: ~0.1.3
    fast-levenshtein: ~2.0.6
    levn: ~0.3.0
    prelude-ls: ~1.1.2
    type-check: ~0.3.2
    word-wrap: ~1.2.3
  checksum: b8695ddf3d593203e25ab0900e265d860038486c943ff8b774f596a310f8ceebdb30c6832407a8198ba3ec9debe1abe1f51d4aad94843612db3b76d690c61d34
  languageName: node
  linkType: hard

"path-is-absolute@npm:^1.0.0":
  version: 1.0.1
  resolution: "path-is-absolute@npm:1.0.1"
  checksum: 060840f92cf8effa293bcc1bea81281bd7d363731d214cbe5c227df207c34cd727430f70c6037b5159c8a870b9157cba65e775446b0ab06fd5ecc7e54615a3b8
  languageName: node
  linkType: hard

"performance-now@npm:^2.1.0":
  version: 2.1.0
  resolution: "performance-now@npm:2.1.0"
  checksum: 534e641aa8f7cba160f0afec0599b6cecefbb516a2e837b512be0adbe6c1da5550e89c78059c7fabc5c9ffdf6627edabe23eb7c518c4500067a898fa65c2b550
  languageName: node
  linkType: hard

"prelude-ls@npm:~1.1.2":
  version: 1.1.2
  resolution: "prelude-ls@npm:1.1.2"
  checksum: c4867c87488e4a0c233e158e4d0d5565b609b105d75e4c05dc760840475f06b731332eb93cc8c9cecb840aa8ec323ca3c9a56ad7820ad2e63f0261dadcb154e4
  languageName: node
  linkType: hard

"prettier@npm:^2.6.0":
  version: 2.6.0
  resolution: "prettier@npm:2.6.0"
  bin:
    prettier: bin-prettier.js
  checksum: 3e527ad62279676778a8404d18174d7ca2365ada4caba6eebbcdd9907d1187afd3bc6ade5b4e5f5d4549bb9fb71e45ca8930d71500017635524f8fc05bc52e93
  languageName: node
  linkType: hard

"psl@npm:^1.1.28":
  version: 1.8.0
  resolution: "psl@npm:1.8.0"
  checksum: 6150048ed2da3f919478bee8a82f3828303bc0fc730fb015a48f83c9977682c7b28c60ab01425a72d82a2891a1681627aa530a991d50c086b48a3be27744bde7
  languageName: node
  linkType: hard

"punycode@npm:2.x.x, punycode@npm:^2.1.0, punycode@npm:^2.1.1":
  version: 2.1.1
  resolution: "punycode@npm:2.1.1"
  checksum: 823bf443c6dd14f669984dea25757b37993f67e8d94698996064035edd43bed8a5a17a9f12e439c2b35df1078c6bec05a6c86e336209eb1061e8025c481168e8
  languageName: node
  linkType: hard

"qs@npm:~6.5.2":
  version: 6.5.3
  resolution: "qs@npm:6.5.3"
  checksum: 6f20bf08cabd90c458e50855559539a28d00b2f2e7dddcb66082b16a43188418cb3cb77cbd09268bcef6022935650f0534357b8af9eeb29bf0f27ccb17655692
  languageName: node
  linkType: hard

"request-promise-core@npm:1.1.4":
  version: 1.1.4
  resolution: "request-promise-core@npm:1.1.4"
  dependencies:
    lodash: ^4.17.19
  peerDependencies:
    request: ^2.34
  checksum: c798bafd552961e36fbf5023b1d081e81c3995ab390f1bc8ef38a711ba3fe4312eb94dbd61887073d7356c3499b9380947d7f62faa805797c0dc50f039425699
  languageName: node
  linkType: hard

"request-promise@npm:^4.x":
  version: 4.2.6
  resolution: "request-promise@npm:4.2.6"
  dependencies:
    bluebird: ^3.5.0
    request-promise-core: 1.1.4
    stealthy-require: ^1.1.1
    tough-cookie: ^2.3.3
  peerDependencies:
    request: ^2.34
  checksum: 1856c718cb4b888db8b6a206537ecac47390ea4fbdaef00da9a6169a03dd66a95c38493713f927f78a19bfeb28dcb28f5d20f6ab927d644d9e0626847d808f9f
  languageName: node
  linkType: hard

"request@npm:^2.83.0":
  version: 2.88.2
  resolution: "request@npm:2.88.2"
  dependencies:
    aws-sign2: ~0.7.0
    aws4: ^1.8.0
    caseless: ~0.12.0
    combined-stream: ~1.0.6
    extend: ~3.0.2
    forever-agent: ~0.6.1
    form-data: ~2.3.2
    har-validator: ~5.1.3
    http-signature: ~1.2.0
    is-typedarray: ~1.0.0
    isstream: ~0.1.2
    json-stringify-safe: ~5.0.1
    mime-types: ~2.1.19
    oauth-sign: ~0.9.0
    performance-now: ^2.1.0
    qs: ~6.5.2
    safe-buffer: ^5.1.2
    tough-cookie: ~2.5.0
    tunnel-agent: ^0.6.0
    uuid: ^3.3.2
  checksum: 4e112c087f6eabe7327869da2417e9d28fcd0910419edd2eb17b6acfc4bfa1dad61954525949c228705805882d8a98a86a0ea12d7f739c01ee92af7062996983
  languageName: node
  linkType: hard

"resolve@npm:1.1.x":
  version: 1.1.7
  resolution: "resolve@npm:1.1.7"
  checksum: afd20873fbde7641c9125efe3f940c2a99f6b1f90f1b7b743e744bdaac1cb105b2e4e0317bcc052ed7e31d57afa86b394a4dc9a1b33a297977be134fdf0250ab
  languageName: node
  linkType: hard

"resolve@patch:resolve@1.1.x#~builtin<compat/resolve>":
  version: 1.1.7
  resolution: "resolve@patch:resolve@npm%3A1.1.7#~builtin<compat/resolve>::version=1.1.7&hash=07638b"
  checksum: e9dbca78600ae56835c43a09f1276876c883e4b4bbd43e2683fa140671519d2bdebeb1c1576ca87c8c508ae2987b3ec481645ac5d3054b0f23254cfc1ce49942
  languageName: node
  linkType: hard

"safe-buffer@npm:^5.0.1, safe-buffer@npm:^5.1.2":
  version: 5.2.1
  resolution: "safe-buffer@npm:5.2.1"
  checksum: b99c4b41fdd67a6aaf280fcd05e9ffb0813654894223afb78a31f14a19ad220bba8aba1cb14eddce1fcfb037155fe6de4e861784eb434f7d11ed58d1e70dd491
  languageName: node
  linkType: hard

"safer-buffer@npm:^2.0.2, safer-buffer@npm:^2.1.0, safer-buffer@npm:~2.1.0":
  version: 2.1.2
  resolution: "safer-buffer@npm:2.1.2"
  checksum: cab8f25ae6f1434abee8d80023d7e72b598cf1327164ddab31003c51215526801e40b66c5e65d658a0af1e9d6478cadcb4c745f4bd6751f97d8644786c0978b0
  languageName: node
  linkType: hard

"source-map@npm:^0.6.1":
  version: 0.6.1
  resolution: "source-map@npm:0.6.1"
  checksum: 59ce8640cf3f3124f64ac289012c2b8bd377c238e316fb323ea22fbfe83da07d81e000071d7242cad7a23cd91c7de98e4df8830ec3f133cb6133a5f6e9f67bc2
  languageName: node
  linkType: hard

"source-map@npm:~0.2.0":
  version: 0.2.0
  resolution: "source-map@npm:0.2.0"
  dependencies:
    amdefine: ">=0.0.4"
  checksum: 95fe800c3a93f8c0b9516c033bfc75f2678e27d2e6c0b23ae222f5ddc4afa0a39bd0be15d1c0a1e766d388f3761cc854a053a4330f49242e6045e1a4f9dc0e26
  languageName: node
  linkType: hard

"sprintf-js@npm:~1.0.2":
  version: 1.0.3
  resolution: "sprintf-js@npm:1.0.3"
  checksum: 19d79aec211f09b99ec3099b5b2ae2f6e9cdefe50bc91ac4c69144b6d3928a640bb6ae5b3def70c2e85a2c3d9f5ec2719921e3a59d3ca3ef4b2fd1a4656a0df3
  languageName: node
  linkType: hard

"sshpk@npm:^1.7.0":
  version: 1.17.0
  resolution: "sshpk@npm:1.17.0"
  dependencies:
    asn1: ~0.2.3
    assert-plus: ^1.0.0
    bcrypt-pbkdf: ^1.0.0
    dashdash: ^1.12.0
    ecc-jsbn: ~0.1.1
    getpass: ^0.1.1
    jsbn: ~0.1.0
    safer-buffer: ^2.0.2
    tweetnacl: ~0.14.0
  bin:
    sshpk-conv: bin/sshpk-conv
    sshpk-sign: bin/sshpk-sign
    sshpk-verify: bin/sshpk-verify
  checksum: ba109f65c8e6c35133b8e6ed5576abeff8aa8d614824b7275ec3ca308f081fef483607c28d97780c1e235818b0f93ed8c8b56d0a5968d5a23fd6af57718c7597
  languageName: node
  linkType: hard

"stealthy-require@npm:^1.1.1":
  version: 1.1.1
  resolution: "stealthy-require@npm:1.1.1"
  checksum: 6805b857a9f3a6a1079fc6652278038b81011f2a5b22cbd559f71a6c02087e6f1df941eb10163e3fdc5391ab5807aa46758d4258547c1f5ede31e6d9bfda8dd3
  languageName: node
  linkType: hard

"supports-color@npm:^3.1.0":
  version: 3.2.3
  resolution: "supports-color@npm:3.2.3"
  dependencies:
    has-flag: ^1.0.0
  checksum: 56afc05fa87d00100d90148c4d0a6e20a0af0d56dca5c54d4d40b2553ee737dab0ca4e8b53c4471afc035227b5b44dfa4824747a7f01ad733173536f7da6fbbb
  languageName: node
  linkType: hard

"topo@npm:2.x.x":
  version: 2.0.2
  resolution: "topo@npm:2.0.2"
  dependencies:
    hoek: 4.x.x
  checksum: 02ecb8cba2aa46abb94cc2a4459bd39874ba84a712aa51d482fdcddf16ea0bf69f232e55e6a2c32653f7c15d619a29567f97c5c8cb402257ddcb6794a55720bc
  languageName: node
  linkType: hard

"tough-cookie@npm:^2.3.3, tough-cookie@npm:~2.5.0":
  version: 2.5.0
  resolution: "tough-cookie@npm:2.5.0"
  dependencies:
    psl: ^1.1.28
    punycode: ^2.1.1
  checksum: 16a8cd090224dd176eee23837cbe7573ca0fa297d7e468ab5e1c02d49a4e9a97bb05fef11320605eac516f91d54c57838a25864e8680e27b069a5231d8264977
  languageName: node
  linkType: hard

"tunnel-agent@npm:^0.6.0":
  version: 0.6.0
  resolution: "tunnel-agent@npm:0.6.0"
  dependencies:
    safe-buffer: ^5.0.1
  checksum: 05f6510358f8afc62a057b8b692f05d70c1782b70db86d6a1e0d5e28a32389e52fa6e7707b6c5ecccacc031462e4bc35af85ecfe4bbc341767917b7cf6965711
  languageName: node
  linkType: hard

"tweetnacl@npm:^0.14.3, tweetnacl@npm:~0.14.0":
  version: 0.14.5
  resolution: "tweetnacl@npm:0.14.5"
  checksum: 6061daba1724f59473d99a7bb82e13f211cdf6e31315510ae9656fefd4779851cb927adad90f3b488c8ed77c106adc0421ea8055f6f976ff21b27c5c4e918487
  languageName: node
  linkType: hard

"type-check@npm:~0.3.2":
  version: 0.3.2
  resolution: "type-check@npm:0.3.2"
  dependencies:
    prelude-ls: ~1.1.2
  checksum: dd3b1495642731bc0e1fc40abe5e977e0263005551ac83342ecb6f4f89551d106b368ec32ad3fb2da19b3bd7b2d1f64330da2ea9176d8ddbfe389fb286eb5124
  languageName: node
  linkType: hard

"uglify-js@npm:^3.1.4":
  version: 3.15.3
  resolution: "uglify-js@npm:3.15.3"
  bin:
    uglifyjs: bin/uglifyjs
  checksum: 5d2f5a8591b84d81317783205ba26c7a94c435476c19df8612024d28986acbe1f5dbd65bc604134a8557a3f64e8a5ed2660d11e2ba74b59af1fe531fd5506b16
  languageName: node
  linkType: hard

"uri-js@npm:^4.2.2":
  version: 4.4.1
  resolution: "uri-js@npm:4.4.1"
  dependencies:
    punycode: ^2.1.0
  checksum: 7167432de6817fe8e9e0c9684f1d2de2bb688c94388f7569f7dbdb1587c9f4ca2a77962f134ec90be0cc4d004c939ff0d05acc9f34a0db39a3c797dada262633
  languageName: node
  linkType: hard

"uuid@npm:^3.3.2":
  version: 3.4.0
  resolution: "uuid@npm:3.4.0"
  bin:
    uuid: ./bin/uuid
  checksum: 58de2feed61c59060b40f8203c0e4ed7fd6f99d42534a499f1741218a1dd0c129f4aa1de797bcf822c8ea5da7e4137aa3673431a96dae729047f7aca7b27866f
  languageName: node
  linkType: hard

"verror@npm:1.10.0":
  version: 1.10.0
  resolution: "verror@npm:1.10.0"
  dependencies:
    assert-plus: ^1.0.0
    core-util-is: 1.0.2
    extsprintf: ^1.2.0
  checksum: c431df0bedf2088b227a4e051e0ff4ca54df2c114096b0c01e1cbaadb021c30a04d7dd5b41ab277bcd51246ca135bf931d4c4c796ecae7a4fef6d744ecef36ea
  languageName: node
  linkType: hard

"which@npm:^1.1.1":
  version: 1.3.1
  resolution: "which@npm:1.3.1"
  dependencies:
    isexe: ^2.0.0
  bin:
    which: ./bin/which
  checksum: f2e185c6242244b8426c9df1510e86629192d93c1a986a7d2a591f2c24869e7ffd03d6dac07ca863b2e4c06f59a4cc9916c585b72ee9fa1aa609d0124df15e04
  languageName: node
  linkType: hard

"word-wrap@npm:~1.2.3":
  version: 1.2.3
  resolution: "word-wrap@npm:1.2.3"
  checksum: 30b48f91fcf12106ed3186ae4fa86a6a1842416df425be7b60485de14bec665a54a68e4b5156647dec3a70f25e84d270ca8bc8cd23182ed095f5c7206a938c1f
  languageName: node
  linkType: hard

"wordwrap@npm:^1.0.0":
  version: 1.0.0
  resolution: "wordwrap@npm:1.0.0"
  checksum: 2a44b2788165d0a3de71fd517d4880a8e20ea3a82c080ce46e294f0b68b69a2e49cff5f99c600e275c698a90d12c5ea32aff06c311f0db2eb3f1201f3e7b2a04
  languageName: node
  linkType: hard

"wrappy@npm:1":
  version: 1.0.2
  resolution: "wrappy@npm:1.0.2"
  checksum: 159da4805f7e84a3d003d8841557196034155008f817172d4e986bd591f74aa82aa7db55929a54222309e01079a65a92a9e6414da5a6aa4b01ee44a511ac3ee5
  languageName: node
  linkType: hard
